
Microsoft Visual Studio Solution File, Format Version 12.00
# Visual Studio Version 17
VisualStudioVersion = 17.1.32228.430
MinimumVisualStudioVersion = 10.0.40219.1
Project("{FAE04EC0-301F-11D3-BF4B-00C04F79EFBC}") = "Libro", "Libro.csproj", "{3F334968-3A18-4617-A51A-7320C9B3708B}"
EndProject
Global
	GlobalSection(SolutionConfigurationPlatforms) = preSolution
		Debug|Any CPU = Debug|Any CPU
		Release|Any CPU = Release|Any CPU
	EndGlobalSection
	GlobalSection(ProjectConfigurationPlatforms) = postSolution
		{3F334968-3A18-4617-A51A-7320C9B3708B}.Debug|Any CPU.ActiveCfg = Debug|Any CPU
		{3F334968-3A18-4617-A51A-7320C9B3708B}.Debug|Any CPU.Build.0 = Debug|Any CPU
		{3F334968-3A18-4617-A51A-7320C9B3708B}.Release|Any CPU.ActiveCfg = Release|Any CPU
		{3F334968-3A18-4617-A51A-7320C9B3708B}.Release|Any CPU.Build.0 = Release|Any CPU
	EndGlobalSection
	GlobalSection(SolutionProperties) = preSolution
		HideSolutionNode = FALSE
	EndGlobalSection
	GlobalSection(ExtensibilityGlobals) = postSolution
		SolutionGuid = {805052ED-36EF-4235-9D7D-678C2C82202D}
	EndGlobalSection
EndGlobal
